// !$*UTF8*$!
{
	archiveVersion = 1;
	classes = {
	};
	objectVersion = 56;
	objects = {

/* Begin PBXBuildFile section */
		7729B2972A0B074900022648 /* ImagePopupViewController.swift in Sources */ = {isa = PBXBuildFile; fileRef = 7729B2962A0B074900022648 /* ImagePopupViewController.swift */; };
		772C37432A0AF64400E50977 /* AppDelegate.swift in Sources */ = {isa = PBXBuildFile; fileRef = 772C37422A0AF64400E50977 /* AppDelegate.swift */; };
		772C37452A0AF64400E50977 /* SceneDelegate.swift in Sources */ = {isa = PBXBuildFile; fileRef = 772C37442A0AF64400E50977 /* SceneDelegate.swift */; };
		772C37472A0AF64400E50977 /* ViewController.swift in Sources */ = {isa = PBXBuildFile; fileRef = 772C37462A0AF64400E50977 /* ViewController.swift */; };
		772C374A2A0AF64400E50977 /* Main.storyboard in Resources */ = {isa = PBXBuildFile; fileRef = 772C37482A0AF64400E50977 /* Main.storyboard */; };
		772C374C2A0AF64600E50977 /* Assets.xcassets in Resources */ = {isa = PBXBuildFile; fileRef = 772C374B2A0AF64600E50977 /* Assets.xcassets */; };
		772C374F2A0AF64600E50977 /* LaunchScreen.storyboard in Resources */ = {isa = PBXBuildFile; fileRef = 772C374D2A0AF64600E50977 /* LaunchScreen.storyboard */; };
		772C37572A0AF72F00E50977 /* MovieCollectionViewCell.swift in Sources */ = {isa = PBXBuildFile; fileRef = 772C37562A0AF72F00E50977 /* MovieCollectionViewCell.swift */; };
		772C37592A0AFB2100E50977 /* Movie.swift in Sources */ = {isa = PBXBuildFile; fileRef = 772C37582A0AFB2100E50977 /* Movie.swift */; };
		772C375B2A0AFB5A00E50977 /* MovieModel.swift in Sources */ = {isa = PBXBuildFile; fileRef = 772C375A2A0AFB5A00E50977 /* MovieModel.swift */; };
/* End PBXBuildFile section */

/* Begin PBXFileReference section */
		7729B2962A0B074900022648 /* ImagePopupViewController.swift */ = {isa = PBXFileReference; lastKnownFileType = sourcecode.swift; path = ImagePopupViewController.swift; sourceTree = "<group>"; };
		772C373F2A0AF64400E50977 /* CollecionView Sample.app */ = {isa = PBXFileReference; explicitFileType = wrapper.application; includeInIndex = 0; path = "CollecionView Sample.app"; sourceTree = BUILT_PRODUCTS_DIR; };
		772C37422A0AF64400E50977 /* AppDelegate.swift */ = {isa = PBXFileReference; lastKnownFileType = sourcecode.swift; path = AppDelegate.swift; sourceTree = "<group>"; };
		772C37442A0AF64400E50977 /* SceneDelegate.swift */ = {isa = PBXFileReference; lastKnownFileType = sourcecode.swift; path = SceneDelegate.swift; sourceTree = "<group>"; };
		772C37462A0AF64400E50977 /* ViewController.swift */ = {isa = PBXFileReference; lastKnownFileType = sourcecode.swift; path = ViewController.swift; sourceTree = "<group>"; };
		772C37492A0AF64400E50977 /* Base */ = {isa = PBXFileReference; lastKnownFileType = file.storyboard; name = Base; path = Base.lproj/Main.storyboard; sourceTree = "<group>"; };
		772C374B2A0AF64600E50977 /* Assets.xcassets */ = {isa = PBXFileReference; lastKnownFileType = folder.assetcatalog; path = Assets.xcassets; sourceTree = "<group>"; };
		772C374E2A0AF64600E50977 /* Base */ = {isa = PBXFileReference; lastKnownFileType = file.storyboard; name = Base; path = Base.lproj/LaunchScreen.storyboard; sourceTree = "<group>"; };
		772C37502A0AF64600E50977 /* Info.plist */ = {isa = PBXFileReference; lastKnownFileType = text.plist.xml; path = Info.plist; sourceTree = "<group>"; };
		772C37562A0AF72F00E50977 /* MovieCollectionViewCell.swift */ = {isa = PBXFileReference; lastKnownFileType = sourcecode.swift; path = MovieCollectionViewCell.swift; sourceTree = "<group>"; };
		772C37582A0AFB2100E50977 /* Movie.swift */ = {isa = PBXFileReference; lastKnownFileType = sourcecode.swift; path = Movie.swift; sourceTree = "<group>"; };
		772C375A2A0AFB5A00E50977 /* MovieModel.swift */ = {isa = PBXFileReference; lastKnownFileType = sourcecode.swift; path = MovieModel.swift; sourceTree = "<group>"; };
/* End PBXFileReference section */

/* Begin PBXFrameworksBuildPhase section */
		772C373C2A0AF64400E50977 /* Frameworks */ = {
			isa = PBXFrameworksBuildPhase;
			buildActionMask = 2147483647;
			files = (
			);
			runOnlyForDeploymentPostprocessing = 0;
		};
/* End PBXFrameworksBuildPhase section */

/* Begin PBXGroup section */
		772C37362A0AF64400E50977 = {
			isa = PBXGroup;
			children = (
				772C37412A0AF64400E50977 /* CollecionView Sample */,
				772C37402A0AF64400E50977 /* Products */,
			);
			sourceTree = "<group>";
		};
		772C37402A0AF64400E50977 /* Products */ = {
			isa = PBXGroup;
			children = (
				772C373F2A0AF64400E50977 /* CollecionView Sample.app */,
			);
			name = Products;
			sourceTree = "<group>";
		};
		772C37412A0AF64400E50977 /* CollecionView Sample */ = {
			isa = PBXGroup;
			children = (
				772C37422A0AF64400E50977 /* AppDelegate.swift */,
				772C37442A0AF64400E50977 /* SceneDelegate.swift */,
				772C375C2A0B01D700E50977 /* Model */,
				772C375D2A0B01E300E50977 /* View */,
				772C375E2A0B01F100E50977 /* Controller */,
				772C374B2A0AF64600E50977 /* Assets.xcassets */,
				772C374D2A0AF64600E50977 /* LaunchScreen.storyboard */,
				772C37502A0AF64600E50977 /* Info.plist */,
			);
			path = "CollecionView Sample";
			sourceTree = "<group>";
		};
		772C375C2A0B01D700E50977 /* Model */ = {
			isa = PBXGroup;
			children = (
				772C37582A0AFB2100E50977 /* Movie.swift */,
				772C375A2A0AFB5A00E50977 /* MovieModel.swift */,
			);
			path = Model;
			sourceTree = "<group>";
		};
		772C375D2A0B01E300E50977 /* View */ = {
			isa = PBXGroup;
			children = (
				772C37482A0AF64400E50977 /* Main.storyboard */,
			);
			path = View;
			sourceTree = "<group>";
		};
		772C375E2A0B01F100E50977 /* Controller */ = {
			isa = PBXGroup;
			children = (
				772C37562A0AF72F00E50977 /* MovieCollectionViewCell.swift */,
				772C37462A0AF64400E50977 /* ViewController.swift */,
				7729B2962A0B074900022648 /* ImagePopupViewController.swift */,
			);
			path = Controller;
			sourceTree = "<group>";
		};
/* End PBXGroup section */

/* Begin PBXNativeTarget section */
		772C373E2A0AF64400E50977 /* CollecionView Sample */ = {
			isa = PBXNativeTarget;
			buildConfigurationList = 772C37532A0AF64600E50977 /* Build configuration list for PBXNativeTarget "CollecionView Sample" */;
			buildPhases = (
				772C373B2A0AF64400E50977 /* Sources */,
				772C373C2A0AF64400E50977 /* Frameworks */,
				772C373D2A0AF64400E50977 /* Resources */,
			);
			buildRules = (
			);
			dependencies = (
			);
			name = "CollecionView Sample";
			productName = "CollecionView Sample";
			productReference = 772C373F2A0AF64400E50977 /* CollecionView Sample.app */;
			productType = "com.apple.product-type.application";
		};
/* End PBXNativeTarget section */

/* Begin PBXProject section */
		772C37372A0AF64400E50977 /* Project object */ = {
			isa = PBXProject;
			attributes = {
				BuildIndependentTargetsInParallel = 1;
				LastSwiftUpdateCheck = 1420;
				LastUpgradeCheck = 1420;
				TargetAttributes = {
					772C373E2A0AF64400E50977 = {
						CreatedOnToolsVersion = 14.2;
					};
				};
			};
			buildConfigurationList = 772C373A2A0AF64400E50977 /* Build configuration list for PBXProject "CollecionView Sample" */;
			compatibilityVersion = "Xcode 14.0";
			developmentRegion = en;
			hasScannedForEncodings = 0;
			knownRegions = (
				en,
				Base,
			);
			mainGroup = 772C37362A0AF64400E50977;
			productRefGroup = 772C37402A0AF64400E50977 /* Products */;
			projectDirPath = "";
			projectRoot = "";
			targets = (
				772C373E2A0AF64400E50977 /* CollecionView Sample */,
			);
		};
/* End PBXProject section */

/* Begin PBXResourcesBuildPhase section */
		772C373D2A0AF64400E50977 /* Resources */ = {
			isa = PBXResourcesBuildPhase;
			buildActionMask = 2147483647;
			files = (
				772C374F2A0AF64600E50977 /* LaunchScreen.storyboard in Resources */,
				772C374C2A0AF64600E50977 /* Assets.xcassets in Resources */,
				772C374A2A0AF64400E50977 /* Main.storyboard in Resources */,
			);
			runOnlyForDeploymentPostprocessing = 0;
		};
/* End PBXResourcesBuildPhase section */

/* Begin PBXSourcesBuildPhase section */
		772C373B2A0AF64400E50977 /* Sources */ = {
			isa = PBXSourcesBuildPhase;
			buildActionMask = 2147483647;
			files = (
				772C375B2A0AFB5A00E50977 /* MovieModel.swift in Sources */,
				772C37472A0AF64400E50977 /* ViewController.swift in Sources */,
				772C37432A0AF64400E50977 /* AppDelegate.swift in Sources */,
				772C37452A0AF64400E50977 /* SceneDelegate.swift in Sources */,
				7729B2972A0B074900022648 /* ImagePopupViewController.swift in Sources */,
				772C37572A0AF72F00E50977 /* MovieCollectionViewCell.swift in Sources */,
				772C37592A0AFB2100E50977 /* Movie.swift in Sources */,
			);
			runOnlyForDeploymentPostprocessing = 0;
		};
/* End PBXSourcesBuildPhase section */

/* Begin PBXVariantGroup section */
		772C37482A0AF64400E50977 /* Main.storyboard */ = {
			isa = PBXVariantGroup;
			children = (
				772C37492A0AF64400E50977 /* Base */,
			);
			name = Main.storyboard;
			sourceTree = "<group>";
		};
		772C374D2A0AF64600E50977 /* LaunchScreen.storyboard */ = {
			isa = PBXVariantGroup;
			children = (
				772C374E2A0AF64600E50977 /* Base */,
			);
			name = LaunchScreen.storyboard;
			sourceTree = "<group>";
		};
/* End PBXVariantGroup section */

/* Begin XCBuildConfiguration section */
		772C37512A0AF64600E50977 /* Debug */ = {
			isa = XCBuildConfiguration;
			buildSettings = {
				ALWAYS_SEARCH_USER_PATHS = NO;
				CLANG_ANALYZER_NONNULL = YES;
				CLANG_ANALYZER_NUMBER_OBJECT_CONVERSION = YES_AGGRESSIVE;
				CLANG_CXX_LANGUAGE_STANDARD = "gnu++20";
				CLANG_ENABLE_MODULES = YES;
				CLANG_ENABLE_OBJC_ARC = YES;
				CLANG_ENABLE_OBJC_WEAK = YES;
				CLANG_WARN_BLOCK_CAPTURE_AUTORELEASING = YES;
				CLANG_WARN_BOOL_CONVERSION = YES;
				CLANG_WARN_COMMA = YES;
				CLANG_WARN_CONSTANT_CONVERSION = YES;
				CLANG_WARN_DEPRECATED_OBJC_IMPLEMENTATIONS = YES;
				CLANG_WARN_DIRECT_OBJC_ISA_USAGE = YES_ERROR;
				CLANG_WARN_DOCUMENTATION_COMMENTS = YES;
				CLANG_WARN_EMPTY_BODY = YES;
				CLANG_WARN_ENUM_CONVERSION = YES;
				CLANG_WARN_INFINITE_RECURSION = YES;
				CLANG_WARN_INT_CONVERSION = YES;
				CLANG_WARN_NON_LITERAL_NULL_CONVERSION = YES;
				CLANG_WARN_OBJC_IMPLICIT_RETAIN_SELF = YES;
				CLANG_WARN_OBJC_LITERAL_CONVERSION = YES;
				CLANG_WARN_OBJC_ROOT_CLASS = YES_ERROR;
				CLANG_WARN_QUOTED_INCLUDE_IN_FRAMEWORK_HEADER = YES;
				CLANG_WARN_RANGE_LOOP_ANALYSIS = YES;
				CLANG_WARN_STRICT_PROTOTYPES = YES;
				CLANG_WARN_SUSPICIOUS_MOVE = YES;
				CLANG_WARN_UNGUARDED_AVAILABILITY = YES_AGGRESSIVE;
				CLANG_WARN_UNREACHABLE_CODE = YES;
				CLANG_WARN__DUPLICATE_METHOD_MATCH = YES;
				COPY_PHASE_STRIP = NO;
				DEBUG_INFORMATION_FORMAT = dwarf;
				ENABLE_STRICT_OBJC_MSGSEND = YES;
				ENABLE_TESTABILITY = YES;
				GCC_C_LANGUAGE_STANDARD = gnu11;
				GCC_DYNAMIC_NO_PIC = NO;
				GCC_NO_COMMON_BLOCKS = YES;
				GCC_OPTIMIZATION_LEVEL = 0;
				GCC_PREPROCESSOR_DEFINITIONS = (
					"DEBUG=1",
					"$(inherited)",
				);
				GCC_WARN_64_TO_32_BIT_CONVERSION = YES;
				GCC_WARN_ABOUT_RETURN_TYPE = YES_ERROR;
				GCC_WARN_UNDECLARED_SELECTOR = YES;
				GCC_WARN_UNINITIALIZED_AUTOS = YES_AGGRESSIVE;
				GCC_WARN_UNUSED_FUNCTION = YES;
				GCC_WARN_UNUSED_VARIABLE = YES;
				IPHONEOS_DEPLOYMENT_TARGET = 16.2;
				MTL_ENABLE_DEBUG_INFO = INCLUDE_SOURCE;
				MTL_FAST_MATH = YES;
				ONLY_ACTIVE_ARCH = YES;
				SDKROOT = iphoneos;
				SWIFT_ACTIVE_COMPILATION_CONDITIONS = DEBUG;
				SWIFT_OPTIMIZATION_LEVEL = "-Onone";
			};
			name = Debug;
		};
		772C37522A0AF64600E50977 /* Release */ = {
			isa = XCBuildConfiguration;
			buildSettings = {
				ALWAYS_SEARCH_USER_PATHS = NO;
				CLANG_ANALYZER_NONNULL = YES;
				CLANG_ANALYZER_NUMBER_OBJECT_CONVERSION = YES_AGGRESSIVE;
				CLANG_CXX_LANGUAGE_STANDARD = "gnu++20";
				CLANG_ENABLE_MODULES = YES;
				CLANG_ENABLE_OBJC_ARC = YES;
				CLANG_ENABLE_OBJC_WEAK = YES;
				CLANG_WARN_BLOCK_CAPTURE_AUTORELEASING = YES;
				CLANG_WARN_BOOL_CONVERSION = YES;
				CLANG_WARN_COMMA = YES;
				CLANG_WARN_CONSTANT_CONVERSION = YES;
				CLANG_WARN_DEPRECATED_OBJC_IMPLEMENTATIONS = YES;
				CLANG_WARN_DIRECT_OBJC_ISA_USAGE = YES_ERROR;
				CLANG_WARN_DOCUMENTATION_COMMENTS = YES;
				CLANG_WARN_EMPTY_BODY = YES;
				CLANG_WARN_ENUM_CONVERSION = YES;
				CLANG_WARN_INFINITE_RECURSION = YES;
				CLANG_WARN_INT_CONVERSION = YES;
				CLANG_WARN_NON_LITERAL_NULL_CONVERSION = YES;
				CLANG_WARN_OBJC_IMPLICIT_RETAIN_SELF = YES;
				CLANG_WARN_OBJC_LITERAL_CONVERSION = YES;
				CLANG_WARN_OBJC_ROOT_CLASS = YES_ERROR;
				CLANG_WARN_QUOTED_INCLUDE_IN_FRAMEWORK_HEADER = YES;
				CLANG_WARN_RANGE_LOOP_ANALYSIS = YES;
				CLANG_WARN_STRICT_PROTOTYPES = YES;
				CLANG_WARN_SUSPICIOUS_MOVE = YES;
				CLANG_WARN_UNGUARDED_AVAILABILITY = YES_AGGRESSIVE;
				CLANG_WARN_UNREACHABLE_CODE = YES;
				CLANG_WARN__DUPLICATE_METHOD_MATCH = YES;
				COPY_PHASE_STRIP = NO;
				DEBUG_INFORMATION_FORMAT = "dwarf-with-dsym";
				ENABLE_NS_ASSERTIONS = NO;
				ENABLE_STRICT_OBJC_MSGSEND = YES;
				GCC_C_LANGUAGE_STANDARD = gnu11;
				GCC_NO_COMMON_BLOCKS = YES;
				GCC_WARN_64_TO_32_BIT_CONVERSION = YES;
				GCC_WARN_ABOUT_RETURN_TYPE = YES_ERROR;
				GCC_WARN_UNDECLARED_SELECTOR = YES;
				GCC_WARN_UNINITIALIZED_AUTOS = YES_AGGRESSIVE;
				GCC_WARN_UNUSED_FUNCTION = YES;
				GCC_WARN_UNUSED_VARIABLE = YES;
				IPHONEOS_DEPLOYMENT_TARGET = 16.2;
				MTL_ENABLE_DEBUG_INFO = NO;
				MTL_FAST_MATH = YES;
				SDKROOT = iphoneos;
				SWIFT_COMPILATION_MODE = wholemodule;
				SWIFT_OPTIMIZATION_LEVEL = "-O";
				VALIDATE_PRODUCT = YES;
			};
			name = Release;
		};
		772C37542A0AF64600E50977 /* Debug */ = {
			isa = XCBuildConfiguration;
			buildSettings = {
				ASSETCATALOG_COMPILER_APPICON_NAME = AppIcon;
				ASSETCATALOG_COMPILER_GLOBAL_ACCENT_COLOR_NAME = AccentColor;
				CODE_SIGN_STYLE = Automatic;
				CURRENT_PROJECT_VERSION = 1;
				DEVELOPMENT_TEAM = FPR3TKZ8Y4;
				GENERATE_INFOPLIST_FILE = YES;
				INFOPLIST_FILE = "CollecionView Sample/Info.plist";
				INFOPLIST_KEY_UIApplicationSupportsIndirectInputEvents = YES;
				INFOPLIST_KEY_UILaunchStoryboardName = LaunchScreen;
				INFOPLIST_KEY_UIMainStoryboardFile = Main;
				INFOPLIST_KEY_UISupportedInterfaceOrientations_iPad = "UIInterfaceOrientationPortrait UIInterfaceOrientationPortraitUpsideDown UIInterfaceOrientationLandscapeLeft UIInterfaceOrientationLandscapeRight";
				INFOPLIST_KEY_UISupportedInterfaceOrientations_iPhone = "UIInterfaceOrientationPortrait UIInterfaceOrientationLandscapeLeft UIInterfaceOrientationLandscapeRight";
				LD_RUNPATH_SEARCH_PATHS = (
					"$(inherited)",
					"@executable_path/Frameworks",
				);
				MARKETING_VERSION = 1.0;
				PRODUCT_BUNDLE_IDENTIFIER = "folio3.CollecionView-Sample";
				PRODUCT_NAME = "$(TARGET_NAME)";
				SWIFT_EMIT_LOC_STRINGS = YES;
				SWIFT_VERSION = 5.0;
				TARGETED_DEVICE_FAMILY = "1,2";
			};
			name = Debug;
		};
		772C37552A0AF64600E50977 /* Release */ = {
			isa = XCBuildConfiguration;
			buildSettings = {
				ASSETCATALOG_COMPILER_APPICON_NAME = AppIcon;
				ASSETCATALOG_COMPILER_GLOBAL_ACCENT_COLOR_NAME = AccentColor;
				CODE_SIGN_STYLE = Automatic;
				CURRENT_PROJECT_VERSION = 1;
				DEVELOPMENT_TEAM = FPR3TKZ8Y4;
				GENERATE_INFOPLIST_FILE = YES;
				INFOPLIST_FILE = "CollecionView Sample/Info.plist";
				INFOPLIST_KEY_UIApplicationSupportsIndirectInputEvents = YES;
				INFOPLIST_KEY_UILaunchStoryboardName = LaunchScreen;
				INFOPLIST_KEY_UIMainStoryboardFile = Main;
				INFOPLIST_KEY_UISupportedInterfaceOrientations_iPad = "UIInterfaceOrientationPortrait UIInterfaceOrientationPortraitUpsideDown UIInterfaceOrientationLandscapeLeft UIInterfaceOrientationLandscapeRight";
				INFOPLIST_KEY_UISupportedInterfaceOrientations_iPhone = "UIInterfaceOrientationPortrait UIInterfaceOrientationLandscapeLeft UIInterfaceOrientationLandscapeRight";
				LD_RUNPATH_SEARCH_PATHS = (
					"$(inherited)",
					"@executable_path/Frameworks",
				);
				MARKETING_VERSION = 1.0;
				PRODUCT_BUNDLE_IDENTIFIER = "folio3.CollecionView-Sample";
				PRODUCT_NAME = "$(TARGET_NAME)";
				SWIFT_EMIT_LOC_STRINGS = YES;
				SWIFT_VERSION = 5.0;
				TARGETED_DEVICE_FAMILY = "1,2";
			};
			name = Release;
		};
/* End XCBuildConfiguration section */

/* Begin XCConfigurationList section */
		772C373A2A0AF64400E50977 /* Build configuration list for PBXProject "CollecionView Sample" */ = {
			isa = XCConfigurationList;
			buildConfigurations = (
				772C37512A0AF64600E50977 /* Debug */,
				772C37522A0AF64600E50977 /* Release */,
			);
			defaultConfigurationIsVisible = 0;
			defaultConfigurationName = Release;
		};
		772C37532A0AF64600E50977 /* Build configuration list for PBXNativeTarget "CollecionView Sample" */ = {
			isa = XCConfigurationList;
			buildConfigurations = (
				772C37542A0AF64600E50977 /* Debug */,
				772C37552A0AF64600E50977 /* Release */,
			);
			defaultConfigurationIsVisible = 0;
			defaultConfigurationName = Release;
		};
/* End XCConfigurationList section */
	};
	rootObject = 772C37372A0AF64400E50977 /* Project object */;
}
